schema: '2.0'
stages:
  preprocess:
    cmd: python src/data/prepare_gtsrb.py
    deps:
    - path: params.yaml
      hash: md5
      md5: 1827e1e6a6bbd40ca08b43cd011a9196
      size: 366
    - path: src/data/prepare_gtsrb.py
      hash: md5
      md5: 11f30da88a04b2f3aa7e3890818b5644
      size: 2573
    outs:
    - path: data/processed
      hash: md5
      md5: 75a7ee823167ed85fad042d969b444e9.dir
      size: 235642986
      nfiles: 39209
  train:
    cmd: python src/train.py
    deps:
    - path: data/processed/
      hash: md5
      md5: 75a7ee823167ed85fad042d969b444e9.dir
      size: 235642986
      nfiles: 39209
    - path: src/data/gtsrb_dataset.py
      hash: md5
      md5: dc6693e4c7f34d77042ebadb3ae9eb30
      size: 4225
    - path: src/models/TrafficSignCNN.py
      hash: md5
      md5: 5901cce8e180f7cb460ec065cea5f161
      size: 2092
    - path: src/train.py
      hash: md5
      md5: a359cda30b0cc3da87ba6eb18e93790b
      size: 4144
    params:
      params.yaml:
        train:
          seed: 101
    outs:
    - path: models/best_model.pth
      hash: md5
      md5: 9bae052e094767fb9d0dbbf93f0e9907
      size: 38265122
  evaluate:
    cmd: python src/evaluate.py
    deps:
    - path: data/processed
      hash: md5
      md5: 75a7ee823167ed85fad042d969b444e9.dir
      size: 235642986
      nfiles: 39209
    - path: models/best_model.pth
      hash: md5
      md5: 9bae052e094767fb9d0dbbf93f0e9907
      size: 38265122
    - path: src/evaluate.py
      hash: md5
      md5: 8a3df8b45d93215c4a9e81d6018f3361
      size: 2167
    outs:
    - path: reports/metrics.json
      hash: md5
      md5: 0032aefc0557f6e3a7d26d80ed5f8bfd
      size: 6690
